
Microsoft Visual Studio Solution File, Format Version 12.00
# Visual Studio Version 16
VisualStudioVersion = 16.0.33214.272
MinimumVisualStudioVersion = 10.0.40219.1
Project("{FAE04EC0-301F-11D3-BF4B-00C04F79EFBC}") = "CalculateLib", "CalculateLib.csproj", "{208AEA3A-7C0B-47FE-BBFF-0E822A84813D}"
EndProject
Project("{FAE04EC0-301F-11D3-BF4B-00C04F79EFBC}") = "PRMBelov", "..\PRMBelov\PRMBelov.csproj", "{68F4AAA9-232A-492B-A53B-A62320DAA79D}"
EndProject
Global
	GlobalSection(SolutionConfigurationPlatforms) = preSolution
		Debug|Any CPU = Debug|Any CPU
		Release|Any CPU = Release|Any CPU
	EndGlobalSection
	GlobalSection(ProjectConfigurationPlatforms) = postSolution
		{208AEA3A-7C0B-47FE-BBFF-0E822A84813D}.Debug|Any CPU.ActiveCfg = Debug|Any CPU
		{208AEA3A-7C0B-47FE-BBFF-0E822A84813D}.Debug|Any CPU.Build.0 = Debug|Any CPU
		{208AEA3A-7C0B-47FE-BBFF-0E822A84813D}.Release|Any CPU.ActiveCfg = Release|Any CPU
		{208AEA3A-7C0B-47FE-BBFF-0E822A84813D}.Release|Any CPU.Build.0 = Release|Any CPU
		{68F4AAA9-232A-492B-A53B-A62320DAA79D}.Debug|Any CPU.ActiveCfg = Debug|Any CPU
		{68F4AAA9-232A-492B-A53B-A62320DAA79D}.Debug|Any CPU.Build.0 = Debug|Any CPU
		{68F4AAA9-232A-492B-A53B-A62320DAA79D}.Release|Any CPU.ActiveCfg = Release|Any CPU
		{68F4AAA9-232A-492B-A53B-A62320DAA79D}.Release|Any CPU.Build.0 = Release|Any CPU
	EndGlobalSection
	GlobalSection(SolutionProperties) = preSolution
		HideSolutionNode = FALSE
	EndGlobalSection
	GlobalSection(ExtensibilityGlobals) = postSolution
		SolutionGuid = {DC114272-236B-4539-AFCC-970A4231723B}
	EndGlobalSection
EndGlobal
